
Microsoft Visual Studio Solution File, Format Version 12.00
# Visual Studio Version 16
VisualStudioVersion = 16.0.31605.320
MinimumVisualStudioVersion = 10.0.40219.1
Project("{FAE04EC0-301F-11D3-BF4B-00C04F79EFBC}") = "ALGE", "ALGE.csproj", "{031935E9-C51B-445B-869B-F22093A80018}"
EndProject
Global
	GlobalSection(SolutionConfigurationPlatforms) = preSolution
		Debug|Any CPU = Debug|Any CPU
		Release|Any CPU = Release|Any CPU
	EndGlobalSection
	GlobalSection(ProjectConfigurationPlatforms) = postSolution
		{031935E9-C51B-445B-869B-F22093A80018}.Debug|Any CPU.ActiveCfg = Debug|Any CPU
		{031935E9-C51B-445B-869B-F22093A80018}.Debug|Any CPU.Build.0 = Debug|Any CPU
		{031935E9-C51B-445B-869B-F22093A80018}.Release|Any CPU.ActiveCfg = Release|Any CPU
		{031935E9-C51B-445B-869B-F22093A80018}.Release|Any CPU.Build.0 = Release|Any CPU
	EndGlobalSection
	GlobalSection(SolutionProperties) = preSolution
		HideSolutionNode = FALSE
	EndGlobalSection
	GlobalSection(ExtensibilityGlobals) = postSolution
		SolutionGuid = {8C7D870F-C7E7-4460-880D-4A274F1AB758}
	EndGlobalSection
EndGlobal
